<?xml version="1.0" encoding="UTF-8"?>
<CONFIG>
  <ProjectOptions>
    <Version Value="9"/>
    <PathDelim Value="\"/>
    <General>
      <Flags>
        <MainUnitHasCreateFormStatements Value="False"/>
        <MainUnitHasTitleStatement Value="False"/>
      </Flags>
      <SessionStorage Value="InProjectDir"/>
      <MainUnit Value="0"/>
      <Title Value="BotApp"/>
      <UseAppBundle Value="False"/>
      <ResourceType Value="res"/>
    </General>
    <i18n>
      <EnableI18N LFM="False"/>
    </i18n>
    <VersionInfo>
      <StringTable ProductVersion=""/>
    </VersionInfo>
    <BuildModes Count="3">
      <Item1 Name="Default" Default="True"/>
      <Item2 Name="Debug">
        <CompilerOptions>
          <Version Value="11"/>
          <PathDelim Value="\"/>
          <Target>
            <Filename Value="..\bin\$(TargetCPU)-$(TargetOS)\Debug\Ts3Bot"/>
          </Target>
          <SearchPaths>
            <IncludeFiles Value="$(ProjOutDir)"/>
            <OtherUnitFiles Value="..\Bot;..\Common;..\TsLib;..\UI"/>
            <UnitOutputDirectory Value="lib\$(TargetCPU)-$(TargetOS)"/>
          </SearchPaths>
          <Parsing>
            <SyntaxOptions>
              <IncludeAssertionCode Value="True"/>
            </SyntaxOptions>
          </Parsing>
          <CodeGeneration>
            <Checks>
              <IOChecks Value="True"/>
              <RangeChecks Value="True"/>
              <OverflowChecks Value="True"/>
              <StackChecks Value="True"/>
            </Checks>
            <VerifyObjMethodCallValidity Value="True"/>
          </CodeGeneration>
          <Linking>
            <Debugging>
              <DebugInfoType Value="dsDwarf2Set"/>
              <UseHeaptrc Value="True"/>
              <UseExternalDbgSyms Value="True"/>
            </Debugging>
          </Linking>
          <Other>
            <CustomOptions Value="-dDebug
-dUSE_SEMICOLON_BEFORE_DEPRECATED"/>
          </Other>
        </CompilerOptions>
      </Item2>
      <Item3 Name="Release">
        <CompilerOptions>
          <Version Value="11"/>
          <PathDelim Value="\"/>
          <Target>
            <Filename Value="..\bin\$(TargetCPU)-$(TargetOS)\Release\Ts3Bot"/>
          </Target>
          <SearchPaths>
            <IncludeFiles Value="$(ProjOutDir)"/>
            <OtherUnitFiles Value="..\Bot;..\Common;..\TsLib"/>
            <UnitOutputDirectory Value="lib\$(TargetCPU)-$(TargetOS)"/>
          </SearchPaths>
          <CodeGeneration>
            <SmartLinkUnit Value="True"/>
            <Optimizations>
              <OptimizationLevel Value="3"/>
            </Optimizations>
          </CodeGeneration>
          <Linking>
            <Debugging>
              <GenerateDebugInfo Value="False"/>
            </Debugging>
            <LinkSmart Value="True"/>
          </Linking>
        </CompilerOptions>
      </Item3>
    </BuildModes>
    <PublishOptions>
      <Version Value="2"/>
    </PublishOptions>
    <RunParams>
      <local>
        <FormatVersion Value="1"/>
      </local>
    </RunParams>
    <RequiredPackages Count="2">
      <Item1>
        <PackageName Value="LCLBase"/>
      </Item1>
      <Item2>
        <PackageName Value="indylaz"/>
      </Item2>
    </RequiredPackages>
    <Units Count="12">
      <Unit0>
        <Filename Value="BotApp.lpr"/>
        <IsPartOfProject Value="True"/>
      </Unit0>
      <Unit1>
        <Filename Value="..\Bot\tsbot.config.pas"/>
        <IsPartOfProject Value="True"/>
        <UnitName Value="TsBot.config"/>
      </Unit1>
      <Unit2>
        <Filename Value="..\Bot\tsbot.core.pas"/>
        <IsPartOfProject Value="True"/>
        <UnitName Value="TsBot.core"/>
      </Unit2>
      <Unit3>
        <Filename Value="..\Common\logger.pas"/>
        <IsPartOfProject Value="True"/>
        <UnitName Value="Logger"/>
      </Unit3>
      <Unit4>
        <Filename Value="..\TsLib\tslib.connection.pas"/>
        <IsPartOfProject Value="True"/>
        <UnitName Value="TsLib.connection"/>
      </Unit4>
      <Unit5>
        <Filename Value="..\TsLib\tslib.notificationmanager.pas"/>
        <IsPartOfProject Value="True"/>
        <UnitName Value="TsLib.NotificationManager"/>
      </Unit5>
      <Unit6>
        <Filename Value="..\TsLib\tslib.types.pas"/>
        <IsPartOfProject Value="True"/>
        <UnitName Value="TsLib.Types"/>
      </Unit6>
      <Unit7>
        <Filename Value="..\TsLib\include\NotificationTypes.inc"/>
        <IsPartOfProject Value="True"/>
      </Unit7>
      <Unit8>
        <Filename Value="..\TsLib\include\SendNotifications.inc"/>
        <IsPartOfProject Value="True"/>
      </Unit8>
      <Unit9>
        <Filename Value="..\TsLib\tslib.valueread.pas"/>
        <IsPartOfProject Value="True"/>
        <UnitName Value="TsLib.ValueRead"/>
      </Unit9>
      <Unit10>
        <Filename Value="..\UI\tsbotui.cli.pas"/>
        <IsPartOfProject Value="True"/>
        <UnitName Value="TsBotUI.CLI"/>
      </Unit10>
      <Unit11>
        <Filename Value="..\UI\tsbotui.types.pas"/>
        <IsPartOfProject Value="True"/>
        <UnitName Value="TsBotUI.Types"/>
      </Unit11>
    </Units>
  </ProjectOptions>
  <CompilerOptions>
    <Version Value="11"/>
    <PathDelim Value="\"/>
    <Target>
      <Filename Value="BotApp"/>
    </Target>
    <SearchPaths>
      <IncludeFiles Value="$(ProjOutDir)"/>
      <OtherUnitFiles Value="..\Bot;..\Common;..\TsLib"/>
      <UnitOutputDirectory Value="lib\$(TargetCPU)-$(TargetOS)"/>
    </SearchPaths>
  </CompilerOptions>
  <Debugging>
    <Exceptions Count="3">
      <Item1>
        <Name Value="EAbort"/>
      </Item1>
      <Item2>
        <Name Value="ECodetoolError"/>
      </Item2>
      <Item3>
        <Name Value="EFOpenError"/>
      </Item3>
    </Exceptions>
  </Debugging>
</CONFIG>
